<?xml version="1.0" encoding="utf-8"?>
<Project ToolsVersion="4.0" xmlns="http://schemas.microsoft.com/developer/msbuild/2003">
  <ItemGroup>
    <Filter Include="File di origine">
      <UniqueIdentifier>{4FC737F1-C7A5-4376-A066-2A32D752A2FF}</UniqueIdentifier>
      <Extensions>cpp;c;cc;cxx;def;odl;idl;hpj;bat;asm;asmx</Extensions>
    </Filter>
    <Filter Include="File di intestazione">
      <UniqueIdentifier>{93995380-89BD-4b04-88EB-625FBE52EBFB}</UniqueIdentifier>
      <Extensions>h;hh;hpp;hxx;hm;inl;inc;xsd</Extensions>
    </Filter>
    <Filter Include="File di risorse">
      <UniqueIdentifier>{67DA6AB6-F800-4c08-8B7A-83BB121AAD01}</UniqueIdentifier>
      <Extensions>rc;ico;cur;bmp;dlg;rc2;rct;bin;rgs;gif;jpg;jpeg;jpe;resx;tiff;tif;png;wav;mfcribbon-ms</Extensions>
    </Filter>
  </ItemGroup>
  <ItemGroup>
    <ClCompile Include="client.cpp">
      <Filter>File di origine</Filter>
    </ClCompile>
    <ClCompile Include="IPCclient.cpp">
      <Filter>File di origine</Filter>
    </ClCompile>
    <ClCompile Include="IPCserver.cpp">
      <Filter>File di origine</Filter>
    </ClCompile>
    <ClCompile Include="MainApp.cpp">
      <Filter>File di origine</Filter>
    </ClCompile>
    <ClCompile Include="TaskBarIcon.cpp">
      <Filter>File di origine</Filter>
    </ClCompile>
    <ClCompile Include="UserProgressBar.cpp">
      <Filter>File di origine</Filter>
    </ClCompile>
    <ClCompile Include="UserSizer.cpp">
      <Filter>File di origine</Filter>
    </ClCompile>
    <ClCompile Include="utente.cpp">
      <Filter>File di origine</Filter>
    </ClCompile>
    <ClCompile Include="WindowProgressBar.cpp">
      <Filter>File di origine</Filter>
    </ClCompile>
    <ClCompile Include="WindowSaveFile.cpp">
      <Filter>File di origine</Filter>
    </ClCompile>
    <ClCompile Include="WindowSelectUser.cpp">
      <Filter>File di origine</Filter>
    </ClCompile>
    <ClCompile Include="reciver.cpp">
      <Filter>File di origine</Filter>
    </ClCompile>
    <ClCompile Include="sender.cpp">
      <Filter>File di origine</Filter>
    </ClCompile>
    <ClCompile Include="server.cpp">
      <Filter>File di origine</Filter>
    </ClCompile>
  </ItemGroup>
  <ItemGroup>
    <ClInclude Include="client.h">
      <Filter>File di intestazione</Filter>
    </ClInclude>
    <ClInclude Include="IPCclient.h">
      <Filter>File di intestazione</Filter>
    </ClInclude>
    <ClInclude Include="WindowSelectUser.h">
      <Filter>File di intestazione</Filter>
    </ClInclude>
    <ClInclude Include="ipcsetup.h">
      <Filter>File di intestazione</Filter>
    </ClInclude>
    <ClInclude Include="MainApp.h">
      <Filter>File di intestazione</Filter>
    </ClInclude>
    <ClInclude Include="TaskBarIcon.h">
      <Filter>File di intestazione</Filter>
    </ClInclude>
    <ClInclude Include="UserProgressBar.h">
      <Filter>File di intestazione</Filter>
    </ClInclude>
    <ClInclude Include="UserSizer.h">
      <Filter>File di intestazione</Filter>
    </ClInclude>
    <ClInclude Include="utente.h">
      <Filter>File di intestazione</Filter>
    </ClInclude>
    <ClInclude Include="WindowProgressBar.h">
      <Filter>File di intestazione</Filter>
    </ClInclude>
    <ClInclude Include="WindowSaveFile.h">
      <Filter>File di intestazione</Filter>
    </ClInclude>
    <ClInclude Include="IPCserver.h">
      <Filter>File di intestazione</Filter>
    </ClInclude>
    <ClInclude Include="protoType.h">
      <Filter>File di intestazione</Filter>
    </ClInclude>
    <ClInclude Include="reciver.h">
      <Filter>File di intestazione</Filter>
    </ClInclude>
    <ClInclude Include="sender.h">
      <Filter>File di intestazione</Filter>
    </ClInclude>
    <ClInclude Include="server.h">
      <Filter>File di intestazione</Filter>
    </ClInclude>
    <ClInclude Include="Settings.h">
      <Filter>File di intestazione</Filter>
    </ClInclude>
    <ClInclude Include="resource.h">
      <Filter>File di intestazione</Filter>
    </ClInclude>
  </ItemGroup>
  <ItemGroup>
    <None Include="packages.config" />
  </ItemGroup>
  <ItemGroup>
    <ResourceCompile Include="resource.rc">
      <Filter>File di risorse</Filter>
    </ResourceCompile>
  </ItemGroup>
</Project>